
Microsoft Visual Studio Solution File, Format Version 12.00
# Visual Studio 15
VisualStudioVersion = 15.0.26510.0
MinimumVisualStudioVersion = 10.0.40219.1
Project("{2150E333-8FDC-42A3-9474-1A3956D46DE8}") = "1-Layers", "1-Layers", "{626D9AFD-4E54-4F3C-984D-5749174E38EC}"
EndProject
Project("{2150E333-8FDC-42A3-9474-1A3956D46DE8}") = "1.1-Presentation", "1.1-Presentation", "{7DD30F64-5B0F-40C8-B271-F48954C7657E}"
EndProject
Project("{2150E333-8FDC-42A3-9474-1A3956D46DE8}") = "1.2-Distributed Services", "1.2-Distributed Services", "{28FF0609-E607-45C0-AB20-AE4011C70DBE}"
EndProject
Project("{2150E333-8FDC-42A3-9474-1A3956D46DE8}") = "1.3-Application", "1.3-Application", "{836B049F-B370-473A-9056-6FC273A2DDAF}"
EndProject
Project("{2150E333-8FDC-42A3-9474-1A3956D46DE8}") = "1.4-Domain", "1.4-Domain", "{43F9C2FB-5365-4677-B387-3EDF112EB14D}"
EndProject
Project("{2150E333-8FDC-42A3-9474-1A3956D46DE8}") = "1.5-Infrastructure", "1.5-Infrastructure", "{6DC5A7F2-D6A3-4CF8-BBA9-F9BC05B35EE2}"
EndProject
Project("{2150E333-8FDC-42A3-9474-1A3956D46DE8}") = "1.2.1-Seedwork", "1.2.1-Seedwork", "{16A1383C-0D55-4F39-B598-2002A115F09B}"
EndProject
Project("{2150E333-8FDC-42A3-9474-1A3956D46DE8}") = "1.2.2-MainBoundedContext", "1.2.2-MainBoundedContext", "{975F0C69-7578-457D-B319-87D8F0F3DF3C}"
EndProject
Project("{2150E333-8FDC-42A3-9474-1A3956D46DE8}") = "1.3.1-Seedwork", "1.3.1-Seedwork", "{408AB616-8AED-4479-B524-97D0A09557D9}"
EndProject
Project("{2150E333-8FDC-42A3-9474-1A3956D46DE8}") = "1.3.2-MainBoundedContext", "1.3.2-MainBoundedContext", "{816A3F8F-DEDD-435E-98B4-9BC73B5F0D6F}"
EndProject
Project("{2150E333-8FDC-42A3-9474-1A3956D46DE8}") = "1.4.1-Seedwork", "1.4.1-Seedwork", "{F9A41271-DA8D-433A-9D38-50F96253126E}"
EndProject
Project("{2150E333-8FDC-42A3-9474-1A3956D46DE8}") = "1.4.2-MainBoundedContext", "1.4.2-MainBoundedContext", "{9B39D620-6CD3-4118-8FD3-75A428D9640B}"
EndProject
Project("{2150E333-8FDC-42A3-9474-1A3956D46DE8}") = "1.5.1-Data", "1.5.1-Data", "{5C5E1F48-96E1-41FD-8BEC-30B45B936320}"
EndProject
Project("{2150E333-8FDC-42A3-9474-1A3956D46DE8}") = "1.5.2-CrossCutting", "1.5.2-CrossCutting", "{3DAF1438-6A24-4710-B8BB-550D47C518F1}"
EndProject
Project("{9A19103F-16F7-4668-BE54-9A1E7A4F7556}") = "Infrastructure.Crosscutting", "Infrastructure.Crosscutting\Infrastructure.Crosscutting.csproj", "{E4941A60-C3A6-4B88-8020-CF9DC8C8E60B}"
EndProject
Project("{9A19103F-16F7-4668-BE54-9A1E7A4F7556}") = "Infrastructure.Crosscutting.NetFramework", "Infrastructure.Crosscutting.NetFramework\Infrastructure.Crosscutting.NetFramework.csproj", "{837C799B-7DAD-49D1-BBC1-3BD2CF4B9905}"
EndProject
Project("{9A19103F-16F7-4668-BE54-9A1E7A4F7556}") = "Infrastructure.Crosscutting.Tests", "Infrastructure.Crosscutting.Tests\Infrastructure.Crosscutting.Tests.csproj", "{1E1C4056-97AC-43BB-8890-CEA2C89E9B5F}"
EndProject
Project("{2150E333-8FDC-42A3-9474-1A3956D46DE8}") = "1.5.1.1-Data.Seedwork", "1.5.1.1-Data.Seedwork", "{048BB35A-3E56-4D9A-A549-11E4B8036C0A}"
EndProject
Project("{2150E333-8FDC-42A3-9474-1A3956D46DE8}") = "1.5.1.2-Data.MainBoundedContext", "1.5.1.2-Data.MainBoundedContext", "{4F8FFADB-2FF0-4887-806F-34ABC5CFAC30}"
EndProject
Project("{9A19103F-16F7-4668-BE54-9A1E7A4F7556}") = "Infrastructure.Data.Seedwork", "Infrastructure.Data.Seedwork\Infrastructure.Data.Seedwork.csproj", "{A2DC03C5-80AC-480B-BDBE-B22811D43660}"
EndProject
Project("{9A19103F-16F7-4668-BE54-9A1E7A4F7556}") = "Infrastructure.Data.MainBoundedContext", "Infrastructure.Data.MainBoundedContext\Infrastructure.Data.MainBoundedContext.csproj", "{F4F0010F-7AF3-4C94-935E-FB8A47F7997E}"
EndProject
Project("{9A19103F-16F7-4668-BE54-9A1E7A4F7556}") = "Infrastructure.Data.MainBoundedContext.Tests", "Infrastructure.Data.MainBoundedContext.Tests\Infrastructure.Data.MainBoundedContext.Tests.csproj", "{406612BA-31C0-4617-9AA1-5EC14EC8DDD5}"
EndProject
Project("{9A19103F-16F7-4668-BE54-9A1E7A4F7556}") = "Domain.MainBoundedContext", "Domain.MainBoundedContext\Domain.MainBoundedContext.csproj", "{B0BF93B8-4F03-472A-A258-E4080D48018B}"
EndProject
Project("{9A19103F-16F7-4668-BE54-9A1E7A4F7556}") = "Domain.MainBoundedContext.Tests", "Domain.MainBoundedContext.Tests\Domain.MainBoundedContext.Tests.csproj", "{4E57A3FD-A870-4DD7-AC18-71671CFF5BF5}"
EndProject
Project("{9A19103F-16F7-4668-BE54-9A1E7A4F7556}") = "Domain.Seedwork", "Domain.Seedwork\Domain.Seedwork.csproj", "{0325A578-ADC9-4765-9AAE-35F23EA2525C}"
EndProject
Project("{9A19103F-16F7-4668-BE54-9A1E7A4F7556}") = "Domain.Seedwork.Tests", "Domain.Seedwork.Tests\Domain.Seedwork.Tests.csproj", "{80A104AD-6B57-4C60-ACE1-0080280DA523}"
EndProject
Project("{9A19103F-16F7-4668-BE54-9A1E7A4F7556}") = "Application.MainBoundedContext", "Application.MainBoundedContext\Application.MainBoundedContext.csproj", "{51B3C5EB-AD7D-4832-975C-4E88428262C3}"
EndProject
Project("{9A19103F-16F7-4668-BE54-9A1E7A4F7556}") = "Application.MainBoundedContext.DTO", "Application.MainBoundedContext.DTO\Application.MainBoundedContext.DTO.csproj", "{3017D939-A28C-4315-BC8F-4FB06293C50C}"
EndProject
Project("{9A19103F-16F7-4668-BE54-9A1E7A4F7556}") = "Application.MainBoundedContext.Tests", "Application.MainBoundedContext.Tests\Application.MainBoundedContext.Tests.csproj", "{5EC077C4-312F-4D24-87AB-14D78031D6A1}"
EndProject
Project("{9A19103F-16F7-4668-BE54-9A1E7A4F7556}") = "Application.Seedwork", "Application.Seedwork\Application.Seedwork.csproj", "{9F2237BF-422D-478B-A354-DCC8A8856C21}"
EndProject
Project("{9A19103F-16F7-4668-BE54-9A1E7A4F7556}") = "DistributedServices.Seedwork", "DistributedServices.Seedwork\DistributedServices.Seedwork.csproj", "{56C26E96-28FE-4458-A777-ADF7EADB6316}"
EndProject
Project("{9A19103F-16F7-4668-BE54-9A1E7A4F7556}") = "DistributedServices.MainBoundedContext.Tests", "DistributedServices.MainBoundedContext.Tests\DistributedServices.MainBoundedContext.Tests.csproj", "{7D4CC9FD-D881-43A6-BE7E-B32E9C5BE88F}"
EndProject
Project("{9A19103F-16F7-4668-BE54-9A1E7A4F7556}") = "DistributedServices.MainBoundedContext", "DistributedServices.MainBoundedContext\DistributedServices.MainBoundedContext.csproj", "{ECAD8236-75D3-4B97-A3DC-9306D48FD017}"
EndProject
Global
	GlobalSection(SolutionConfigurationPlatforms) = preSolution
		Debug|Any CPU = Debug|Any CPU
		Release|Any CPU = Release|Any CPU
	EndGlobalSection
	GlobalSection(ProjectConfigurationPlatforms) = postSolution
		{E4941A60-C3A6-4B88-8020-CF9DC8C8E60B}.Debug|Any CPU.ActiveCfg = Debug|Any CPU
		{E4941A60-C3A6-4B88-8020-CF9DC8C8E60B}.Debug|Any CPU.Build.0 = Debug|Any CPU
		{E4941A60-C3A6-4B88-8020-CF9DC8C8E60B}.Release|Any CPU.ActiveCfg = Release|Any CPU
		{E4941A60-C3A6-4B88-8020-CF9DC8C8E60B}.Release|Any CPU.Build.0 = Release|Any CPU
		{837C799B-7DAD-49D1-BBC1-3BD2CF4B9905}.Debug|Any CPU.ActiveCfg = Debug|Any CPU
		{837C799B-7DAD-49D1-BBC1-3BD2CF4B9905}.Debug|Any CPU.Build.0 = Debug|Any CPU
		{837C799B-7DAD-49D1-BBC1-3BD2CF4B9905}.Release|Any CPU.ActiveCfg = Release|Any CPU
		{837C799B-7DAD-49D1-BBC1-3BD2CF4B9905}.Release|Any CPU.Build.0 = Release|Any CPU
		{1E1C4056-97AC-43BB-8890-CEA2C89E9B5F}.Debug|Any CPU.ActiveCfg = Debug|Any CPU
		{1E1C4056-97AC-43BB-8890-CEA2C89E9B5F}.Debug|Any CPU.Build.0 = Debug|Any CPU
		{1E1C4056-97AC-43BB-8890-CEA2C89E9B5F}.Release|Any CPU.ActiveCfg = Release|Any CPU
		{1E1C4056-97AC-43BB-8890-CEA2C89E9B5F}.Release|Any CPU.Build.0 = Release|Any CPU
		{A2DC03C5-80AC-480B-BDBE-B22811D43660}.Debug|Any CPU.ActiveCfg = Debug|Any CPU
		{A2DC03C5-80AC-480B-BDBE-B22811D43660}.Debug|Any CPU.Build.0 = Debug|Any CPU
		{A2DC03C5-80AC-480B-BDBE-B22811D43660}.Release|Any CPU.ActiveCfg = Release|Any CPU
		{A2DC03C5-80AC-480B-BDBE-B22811D43660}.Release|Any CPU.Build.0 = Release|Any CPU
		{F4F0010F-7AF3-4C94-935E-FB8A47F7997E}.Debug|Any CPU.ActiveCfg = Debug|Any CPU
		{F4F0010F-7AF3-4C94-935E-FB8A47F7997E}.Debug|Any CPU.Build.0 = Debug|Any CPU
		{F4F0010F-7AF3-4C94-935E-FB8A47F7997E}.Release|Any CPU.ActiveCfg = Release|Any CPU
		{F4F0010F-7AF3-4C94-935E-FB8A47F7997E}.Release|Any CPU.Build.0 = Release|Any CPU
		{406612BA-31C0-4617-9AA1-5EC14EC8DDD5}.Debug|Any CPU.ActiveCfg = Debug|Any CPU
		{406612BA-31C0-4617-9AA1-5EC14EC8DDD5}.Debug|Any CPU.Build.0 = Debug|Any CPU
		{406612BA-31C0-4617-9AA1-5EC14EC8DDD5}.Release|Any CPU.ActiveCfg = Release|Any CPU
		{406612BA-31C0-4617-9AA1-5EC14EC8DDD5}.Release|Any CPU.Build.0 = Release|Any CPU
		{B0BF93B8-4F03-472A-A258-E4080D48018B}.Debug|Any CPU.ActiveCfg = Debug|Any CPU
		{B0BF93B8-4F03-472A-A258-E4080D48018B}.Debug|Any CPU.Build.0 = Debug|Any CPU
		{B0BF93B8-4F03-472A-A258-E4080D48018B}.Release|Any CPU.ActiveCfg = Release|Any CPU
		{B0BF93B8-4F03-472A-A258-E4080D48018B}.Release|Any CPU.Build.0 = Release|Any CPU
		{4E57A3FD-A870-4DD7-AC18-71671CFF5BF5}.Debug|Any CPU.ActiveCfg = Debug|Any CPU
		{4E57A3FD-A870-4DD7-AC18-71671CFF5BF5}.Debug|Any CPU.Build.0 = Debug|Any CPU
		{4E57A3FD-A870-4DD7-AC18-71671CFF5BF5}.Release|Any CPU.ActiveCfg = Release|Any CPU
		{4E57A3FD-A870-4DD7-AC18-71671CFF5BF5}.Release|Any CPU.Build.0 = Release|Any CPU
		{0325A578-ADC9-4765-9AAE-35F23EA2525C}.Debug|Any CPU.ActiveCfg = Debug|Any CPU
		{0325A578-ADC9-4765-9AAE-35F23EA2525C}.Debug|Any CPU.Build.0 = Debug|Any CPU
		{0325A578-ADC9-4765-9AAE-35F23EA2525C}.Release|Any CPU.ActiveCfg = Release|Any CPU
		{0325A578-ADC9-4765-9AAE-35F23EA2525C}.Release|Any CPU.Build.0 = Release|Any CPU
		{80A104AD-6B57-4C60-ACE1-0080280DA523}.Debug|Any CPU.ActiveCfg = Debug|Any CPU
		{80A104AD-6B57-4C60-ACE1-0080280DA523}.Debug|Any CPU.Build.0 = Debug|Any CPU
		{80A104AD-6B57-4C60-ACE1-0080280DA523}.Release|Any CPU.ActiveCfg = Release|Any CPU
		{80A104AD-6B57-4C60-ACE1-0080280DA523}.Release|Any CPU.Build.0 = Release|Any CPU
		{51B3C5EB-AD7D-4832-975C-4E88428262C3}.Debug|Any CPU.ActiveCfg = Debug|Any CPU
		{51B3C5EB-AD7D-4832-975C-4E88428262C3}.Debug|Any CPU.Build.0 = Debug|Any CPU
		{51B3C5EB-AD7D-4832-975C-4E88428262C3}.Release|Any CPU.ActiveCfg = Release|Any CPU
		{51B3C5EB-AD7D-4832-975C-4E88428262C3}.Release|Any CPU.Build.0 = Release|Any CPU
		{3017D939-A28C-4315-BC8F-4FB06293C50C}.Debug|Any CPU.ActiveCfg = Debug|Any CPU
		{3017D939-A28C-4315-BC8F-4FB06293C50C}.Debug|Any CPU.Build.0 = Debug|Any CPU
		{3017D939-A28C-4315-BC8F-4FB06293C50C}.Release|Any CPU.ActiveCfg = Release|Any CPU
		{3017D939-A28C-4315-BC8F-4FB06293C50C}.Release|Any CPU.Build.0 = Release|Any CPU
		{5EC077C4-312F-4D24-87AB-14D78031D6A1}.Debug|Any CPU.ActiveCfg = Debug|Any CPU
		{5EC077C4-312F-4D24-87AB-14D78031D6A1}.Debug|Any CPU.Build.0 = Debug|Any CPU
		{5EC077C4-312F-4D24-87AB-14D78031D6A1}.Release|Any CPU.ActiveCfg = Release|Any CPU
		{5EC077C4-312F-4D24-87AB-14D78031D6A1}.Release|Any CPU.Build.0 = Release|Any CPU
		{9F2237BF-422D-478B-A354-DCC8A8856C21}.Debug|Any CPU.ActiveCfg = Debug|Any CPU
		{9F2237BF-422D-478B-A354-DCC8A8856C21}.Debug|Any CPU.Build.0 = Debug|Any CPU
		{9F2237BF-422D-478B-A354-DCC8A8856C21}.Release|Any CPU.ActiveCfg = Release|Any CPU
		{9F2237BF-422D-478B-A354-DCC8A8856C21}.Release|Any CPU.Build.0 = Release|Any CPU
		{56C26E96-28FE-4458-A777-ADF7EADB6316}.Debug|Any CPU.ActiveCfg = Debug|Any CPU
		{56C26E96-28FE-4458-A777-ADF7EADB6316}.Debug|Any CPU.Build.0 = Debug|Any CPU
		{56C26E96-28FE-4458-A777-ADF7EADB6316}.Release|Any CPU.ActiveCfg = Release|Any CPU
		{56C26E96-28FE-4458-A777-ADF7EADB6316}.Release|Any CPU.Build.0 = Release|Any CPU
		{7D4CC9FD-D881-43A6-BE7E-B32E9C5BE88F}.Debug|Any CPU.ActiveCfg = Debug|Any CPU
		{7D4CC9FD-D881-43A6-BE7E-B32E9C5BE88F}.Debug|Any CPU.Build.0 = Debug|Any CPU
		{7D4CC9FD-D881-43A6-BE7E-B32E9C5BE88F}.Release|Any CPU.ActiveCfg = Release|Any CPU
		{7D4CC9FD-D881-43A6-BE7E-B32E9C5BE88F}.Release|Any CPU.Build.0 = Release|Any CPU
		{ECAD8236-75D3-4B97-A3DC-9306D48FD017}.Debug|Any CPU.ActiveCfg = Debug|Any CPU
		{ECAD8236-75D3-4B97-A3DC-9306D48FD017}.Debug|Any CPU.Build.0 = Debug|Any CPU
		{ECAD8236-75D3-4B97-A3DC-9306D48FD017}.Release|Any CPU.ActiveCfg = Release|Any CPU
		{ECAD8236-75D3-4B97-A3DC-9306D48FD017}.Release|Any CPU.Build.0 = Release|Any CPU
	EndGlobalSection
	GlobalSection(SolutionProperties) = preSolution
		HideSolutionNode = FALSE
	EndGlobalSection
	GlobalSection(NestedProjects) = preSolution
		{7DD30F64-5B0F-40C8-B271-F48954C7657E} = {626D9AFD-4E54-4F3C-984D-5749174E38EC}
		{28FF0609-E607-45C0-AB20-AE4011C70DBE} = {626D9AFD-4E54-4F3C-984D-5749174E38EC}
		{836B049F-B370-473A-9056-6FC273A2DDAF} = {626D9AFD-4E54-4F3C-984D-5749174E38EC}
		{43F9C2FB-5365-4677-B387-3EDF112EB14D} = {626D9AFD-4E54-4F3C-984D-5749174E38EC}
		{6DC5A7F2-D6A3-4CF8-BBA9-F9BC05B35EE2} = {626D9AFD-4E54-4F3C-984D-5749174E38EC}
		{16A1383C-0D55-4F39-B598-2002A115F09B} = {28FF0609-E607-45C0-AB20-AE4011C70DBE}
		{975F0C69-7578-457D-B319-87D8F0F3DF3C} = {28FF0609-E607-45C0-AB20-AE4011C70DBE}
		{408AB616-8AED-4479-B524-97D0A09557D9} = {836B049F-B370-473A-9056-6FC273A2DDAF}
		{816A3F8F-DEDD-435E-98B4-9BC73B5F0D6F} = {836B049F-B370-473A-9056-6FC273A2DDAF}
		{F9A41271-DA8D-433A-9D38-50F96253126E} = {43F9C2FB-5365-4677-B387-3EDF112EB14D}
		{9B39D620-6CD3-4118-8FD3-75A428D9640B} = {43F9C2FB-5365-4677-B387-3EDF112EB14D}
		{5C5E1F48-96E1-41FD-8BEC-30B45B936320} = {6DC5A7F2-D6A3-4CF8-BBA9-F9BC05B35EE2}
		{3DAF1438-6A24-4710-B8BB-550D47C518F1} = {6DC5A7F2-D6A3-4CF8-BBA9-F9BC05B35EE2}
		{E4941A60-C3A6-4B88-8020-CF9DC8C8E60B} = {3DAF1438-6A24-4710-B8BB-550D47C518F1}
		{837C799B-7DAD-49D1-BBC1-3BD2CF4B9905} = {3DAF1438-6A24-4710-B8BB-550D47C518F1}
		{1E1C4056-97AC-43BB-8890-CEA2C89E9B5F} = {3DAF1438-6A24-4710-B8BB-550D47C518F1}
		{048BB35A-3E56-4D9A-A549-11E4B8036C0A} = {5C5E1F48-96E1-41FD-8BEC-30B45B936320}
		{4F8FFADB-2FF0-4887-806F-34ABC5CFAC30} = {5C5E1F48-96E1-41FD-8BEC-30B45B936320}
		{A2DC03C5-80AC-480B-BDBE-B22811D43660} = {048BB35A-3E56-4D9A-A549-11E4B8036C0A}
		{F4F0010F-7AF3-4C94-935E-FB8A47F7997E} = {4F8FFADB-2FF0-4887-806F-34ABC5CFAC30}
		{406612BA-31C0-4617-9AA1-5EC14EC8DDD5} = {4F8FFADB-2FF0-4887-806F-34ABC5CFAC30}
		{B0BF93B8-4F03-472A-A258-E4080D48018B} = {9B39D620-6CD3-4118-8FD3-75A428D9640B}
		{4E57A3FD-A870-4DD7-AC18-71671CFF5BF5} = {9B39D620-6CD3-4118-8FD3-75A428D9640B}
		{0325A578-ADC9-4765-9AAE-35F23EA2525C} = {F9A41271-DA8D-433A-9D38-50F96253126E}
		{80A104AD-6B57-4C60-ACE1-0080280DA523} = {F9A41271-DA8D-433A-9D38-50F96253126E}
		{51B3C5EB-AD7D-4832-975C-4E88428262C3} = {816A3F8F-DEDD-435E-98B4-9BC73B5F0D6F}
		{3017D939-A28C-4315-BC8F-4FB06293C50C} = {816A3F8F-DEDD-435E-98B4-9BC73B5F0D6F}
		{5EC077C4-312F-4D24-87AB-14D78031D6A1} = {816A3F8F-DEDD-435E-98B4-9BC73B5F0D6F}
		{9F2237BF-422D-478B-A354-DCC8A8856C21} = {408AB616-8AED-4479-B524-97D0A09557D9}
		{56C26E96-28FE-4458-A777-ADF7EADB6316} = {16A1383C-0D55-4F39-B598-2002A115F09B}
		{7D4CC9FD-D881-43A6-BE7E-B32E9C5BE88F} = {975F0C69-7578-457D-B319-87D8F0F3DF3C}
		{ECAD8236-75D3-4B97-A3DC-9306D48FD017} = {975F0C69-7578-457D-B319-87D8F0F3DF3C}
	EndGlobalSection
EndGlobal
