
Microsoft Visual Studio Solution File, Format Version 12.00
# Visual Studio 15
VisualStudioVersion = 15.0.27004.2008
MinimumVisualStudioVersion = 10.0.40219.1
Project("{2150E333-8FDC-42A3-9474-1A3956D46DE8}") = "1-Layers", "1-Layers", "{27C85AD1-3108-4537-A63A-CA949E593599}"
EndProject
Project("{2150E333-8FDC-42A3-9474-1A3956D46DE8}") = "1.1-Presentation", "1.1-Presentation", "{A9D1292E-390B-453D-AACB-C5C65CE7A128}"
EndProject
Project("{2150E333-8FDC-42A3-9474-1A3956D46DE8}") = "1.2-Distributed Services", "1.2-Distributed Services", "{F2B66448-7092-41A5-BEAA-A569642723E1}"
EndProject
Project("{2150E333-8FDC-42A3-9474-1A3956D46DE8}") = "1.3-Application", "1.3-Application", "{4AD2439A-ED0C-4B97-A683-BF1680C2CE04}"
EndProject
Project("{2150E333-8FDC-42A3-9474-1A3956D46DE8}") = "1.4-Domain", "1.4-Domain", "{7B5A6B3A-EAA1-4EC8-BB68-64C40C530FDC}"
EndProject
Project("{2150E333-8FDC-42A3-9474-1A3956D46DE8}") = "1.5-Infrastructure", "1.5-Infrastructure", "{AA1925DA-C516-48BE-9AB2-0A913EF01823}"
EndProject
Project("{2150E333-8FDC-42A3-9474-1A3956D46DE8}") = "1.2.1-Seedwork", "1.2.1-Seedwork", "{EE4FFA05-CB04-42E2-8DE7-797222284F26}"
EndProject
Project("{2150E333-8FDC-42A3-9474-1A3956D46DE8}") = "1.2.2-MainBoundedContext", "1.2.2-MainBoundedContext", "{763107B4-90A4-4BDC-A2B5-0F6A207FD76E}"
EndProject
Project("{2150E333-8FDC-42A3-9474-1A3956D46DE8}") = "1.3.1-Seedwork", "1.3.1-Seedwork", "{B821D6A4-57C3-4703-9C30-01BE528AB727}"
EndProject
Project("{2150E333-8FDC-42A3-9474-1A3956D46DE8}") = "1.3.2-MainBoundedContext", "1.3.2-MainBoundedContext", "{5B4F2C3B-9478-47A4-8843-AB0FDB218528}"
EndProject
Project("{2150E333-8FDC-42A3-9474-1A3956D46DE8}") = "1.4.1-Seedwork", "1.4.1-Seedwork", "{4488EE47-A7E5-464A-B28C-A1DE282B489A}"
EndProject
Project("{2150E333-8FDC-42A3-9474-1A3956D46DE8}") = "1.4.2-MainBoundedContext", "1.4.2-MainBoundedContext", "{75DED70E-AB47-49C1-A5A5-141D02836958}"
EndProject
Project("{2150E333-8FDC-42A3-9474-1A3956D46DE8}") = "1.5.1-Data", "1.5.1-Data", "{C1B6923C-E032-46A9-8B9D-DE7CA2FF91ED}"
EndProject
Project("{2150E333-8FDC-42A3-9474-1A3956D46DE8}") = "1.5.2-CrossCutting", "1.5.2-CrossCutting", "{EC754AC7-44DC-4419-A262-7282B3D19B35}"
EndProject
Project("{9A19103F-16F7-4668-BE54-9A1E7A4F7556}") = "DistributedServices.Seedwork", "DistributedServices.Seedwork\DistributedServices.Seedwork.csproj", "{C8AC47DB-7C9E-47C7-BF12-2ACCB3895F4F}"
EndProject
Project("{9A19103F-16F7-4668-BE54-9A1E7A4F7556}") = "DistributedServices.MainBoundedContext", "DistributedServices.MainBoundedContext\DistributedServices.MainBoundedContext.csproj", "{0716CF1A-404C-4109-98DE-096F7BE91B6D}"
EndProject
Project("{9A19103F-16F7-4668-BE54-9A1E7A4F7556}") = "DistributedServices.MainBoundedContext.Tests", "DistributedServices.MainBoundedContext.Tests\DistributedServices.MainBoundedContext.Tests.csproj", "{DFDEBE14-E453-4C24-B6EF-FF96DA92CE68}"
EndProject
Project("{9A19103F-16F7-4668-BE54-9A1E7A4F7556}") = "Application.Seedwork", "Application.Seedwork\Application.Seedwork.csproj", "{F7677CDE-B202-4834-A9E2-7DD603962B52}"
EndProject
Project("{9A19103F-16F7-4668-BE54-9A1E7A4F7556}") = "Application.MainBoundedContext", "Application.MainBoundedContext\Application.MainBoundedContext.csproj", "{A744C9EF-45FC-4D28-A85F-D9F66E8745DD}"
EndProject
Project("{9A19103F-16F7-4668-BE54-9A1E7A4F7556}") = "Application.MainBoundedContext.DTO", "Application.MainBoundedContext.DTO\Application.MainBoundedContext.DTO.csproj", "{A4BD591C-A87C-45D9-9F75-76F0B5FE020A}"
EndProject
Project("{9A19103F-16F7-4668-BE54-9A1E7A4F7556}") = "Application.MainBoundedContext.Tests", "Application.MainBoundedContext.Tests\Application.MainBoundedContext.Tests.csproj", "{36173D9B-8B19-4025-9184-F13D65A38035}"
EndProject
Project("{9A19103F-16F7-4668-BE54-9A1E7A4F7556}") = "Domain.Seedwork", "Domain.Seedwork\Domain.Seedwork.csproj", "{B4B9EEAF-BB20-4E03-A814-E1FAB2CDF4F4}"
EndProject
Project("{9A19103F-16F7-4668-BE54-9A1E7A4F7556}") = "Domain.Seedwork.Tests", "Domain.Seedwork.Tests\Domain.Seedwork.Tests.csproj", "{9935B399-BC96-42EF-8EC7-5DD650B979FF}"
EndProject
Project("{9A19103F-16F7-4668-BE54-9A1E7A4F7556}") = "Domain.MainBoundedContext", "Domain.MainBoundedContext\Domain.MainBoundedContext.csproj", "{BA88F9C8-3DB9-470B-8D5D-8323AADF7591}"
EndProject
Project("{9A19103F-16F7-4668-BE54-9A1E7A4F7556}") = "Domain.MainBoundedContext.Tests", "Domain.MainBoundedContext.Tests\Domain.MainBoundedContext.Tests.csproj", "{07C2FA46-5B5B-4EA5-917E-9D9440B1F3F8}"
EndProject
Project("{2150E333-8FDC-42A3-9474-1A3956D46DE8}") = "1.5.1.1-Data.Seedwork", "1.5.1.1-Data.Seedwork", "{FCAEA16B-AD88-4EB9-9570-C26F89E6CCF4}"
EndProject
Project("{9A19103F-16F7-4668-BE54-9A1E7A4F7556}") = "Infrastructure.Data.Seedwork", "Infrastructure.Data.Seedwork\Infrastructure.Data.Seedwork.csproj", "{4F3FFC65-D1F0-430D-B057-2DEBBA131049}"
EndProject
Project("{2150E333-8FDC-42A3-9474-1A3956D46DE8}") = "1.5.1.2-Data.MainBoundedContext", "1.5.1.2-Data.MainBoundedContext", "{9712C878-9BB6-4D82-B95A-C3AE3B5A4A12}"
EndProject
Project("{9A19103F-16F7-4668-BE54-9A1E7A4F7556}") = "Infrastructure.Data.MainBoundedContext", "Infrastructure.Data.MainBoundedContext\Infrastructure.Data.MainBoundedContext.csproj", "{F4061795-D54F-48C4-B062-1F39F09044AF}"
EndProject
Project("{9A19103F-16F7-4668-BE54-9A1E7A4F7556}") = "Infrastructure.Data.MainBoundedContext.Tests", "Infrastructure.Data.MainBoundedContext.Tests\Infrastructure.Data.MainBoundedContext.Tests.csproj", "{3F498DCB-4156-4FAC-9419-36644C5C67CE}"
EndProject
Project("{9A19103F-16F7-4668-BE54-9A1E7A4F7556}") = "Infrastructure.Crosscutting", "Infrastructure.Crosscutting\Infrastructure.Crosscutting.csproj", "{9C2F9824-5987-4598-98D2-9FA91C0601EA}"
EndProject
Project("{9A19103F-16F7-4668-BE54-9A1E7A4F7556}") = "Infrastructure.Crosscutting.NetFramework", "Infrastructure.Crosscutting.NetFramework\Infrastructure.Crosscutting.NetFramework.csproj", "{FB27DAC7-1335-43F9-87B4-01BE2A72BA5D}"
EndProject
Project("{9A19103F-16F7-4668-BE54-9A1E7A4F7556}") = "Infrastructure.Crosscutting.Tests", "Infrastructure.Crosscutting.Tests\Infrastructure.Crosscutting.Tests.csproj", "{4BE02413-3113-4D68-A311-0774447934E7}"
EndProject
Project("{9A19103F-16F7-4668-BE54-9A1E7A4F7556}") = "Domain.BlogBoundedContext", "Domain.BlogBoundedContext\Domain.BlogBoundedContext.csproj", "{362E67C7-CE7F-4BB3-9DBB-BFAC382CD66A}"
EndProject
Project("{9A19103F-16F7-4668-BE54-9A1E7A4F7556}") = "Infrastructure.Data.BlogBoundedContext", "Infrastructure.Data.BlogBoundedContext\Infrastructure.Data.BlogBoundedContext.csproj", "{F44C3027-8922-4B1B-88D7-80F199729C85}"
EndProject
Project("{2150E333-8FDC-42A3-9474-1A3956D46DE8}") = "1.4.3-BlogBoundedContext", "1.4.3-BlogBoundedContext", "{BDFA3E38-AB8C-446A-AEE0-7ED290955E02}"
EndProject
Project("{2150E333-8FDC-42A3-9474-1A3956D46DE8}") = "1.5.1.3-Data.BlogBoundedContext", "1.5.1.3-Data.BlogBoundedContext", "{9ED1A1B0-29BB-4162-B6B1-E7D2222061B5}"
EndProject
Project("{9A19103F-16F7-4668-BE54-9A1E7A4F7556}") = "Infrastructure.Data.BlogBoundedContext.Tests", "Infrastructure.Data.BlogBoundedContext.Tests\Infrastructure.Data.BlogBoundedContext.Tests.csproj", "{C96406CE-FC3B-481B-927A-500106FD52D2}"
EndProject
Project("{2150E333-8FDC-42A3-9474-1A3956D46DE8}") = "1.3.3-BlogBoundedContext", "1.3.3-BlogBoundedContext", "{6F8B6899-6AC6-4BA7-BD51-B9CC368137CD}"
EndProject
Project("{9A19103F-16F7-4668-BE54-9A1E7A4F7556}") = "Application.BlogBoundedContext", "Application.BlogBoundedContext\Application.BlogBoundedContext.csproj", "{FE274412-4842-4872-8164-EF72EC1F924A}"
EndProject
Project("{9A19103F-16F7-4668-BE54-9A1E7A4F7556}") = "Application.BlogBoundedContext.DTO", "Application.BlogBoundedContext.DTO\Application.BlogBoundedContext.DTO.csproj", "{D9EA37EE-6A52-458E-BCE3-FE1746641BBA}"
EndProject
Project("{9A19103F-16F7-4668-BE54-9A1E7A4F7556}") = "Application.BlogBoundedContext.Tests", "Application.BlogBoundedContext.Tests\Application.BlogBoundedContext.Tests.csproj", "{D994A78A-6EEA-49F8-8338-8C21AAB0D5E8}"
EndProject
Project("{2150E333-8FDC-42A3-9474-1A3956D46DE8}") = "1.2.3-BlogContext", "1.2.3-BlogContext", "{E8002505-7B0C-4BDD-9777-11427F859BDA}"
EndProject
Project("{9A19103F-16F7-4668-BE54-9A1E7A4F7556}") = "DistributedServices.BlogBoundedContext", "DistributedServices.BlogBoundedContext\DistributedServices.BlogBoundedContext.csproj", "{E98EFA39-068B-4E69-AE8B-7D52B0FE4C0C}"
EndProject
Project("{9A19103F-16F7-4668-BE54-9A1E7A4F7556}") = "DistributedServices.BlogBoundedContext.Tests", "DistributedServices.BlogBoundedContext.Tests\DistributedServices.BlogBoundedContext.Tests.csproj", "{B923D25E-9A9C-4A09-AF72-4D385223B8FF}"
EndProject
Global
	GlobalSection(SolutionConfigurationPlatforms) = preSolution
		Debug|Any CPU = Debug|Any CPU
		Release|Any CPU = Release|Any CPU
	EndGlobalSection
	GlobalSection(ProjectConfigurationPlatforms) = postSolution
		{C8AC47DB-7C9E-47C7-BF12-2ACCB3895F4F}.Debug|Any CPU.ActiveCfg = Debug|Any CPU
		{C8AC47DB-7C9E-47C7-BF12-2ACCB3895F4F}.Debug|Any CPU.Build.0 = Debug|Any CPU
		{C8AC47DB-7C9E-47C7-BF12-2ACCB3895F4F}.Release|Any CPU.ActiveCfg = Release|Any CPU
		{C8AC47DB-7C9E-47C7-BF12-2ACCB3895F4F}.Release|Any CPU.Build.0 = Release|Any CPU
		{0716CF1A-404C-4109-98DE-096F7BE91B6D}.Debug|Any CPU.ActiveCfg = Debug|Any CPU
		{0716CF1A-404C-4109-98DE-096F7BE91B6D}.Debug|Any CPU.Build.0 = Debug|Any CPU
		{0716CF1A-404C-4109-98DE-096F7BE91B6D}.Release|Any CPU.ActiveCfg = Release|Any CPU
		{0716CF1A-404C-4109-98DE-096F7BE91B6D}.Release|Any CPU.Build.0 = Release|Any CPU
		{DFDEBE14-E453-4C24-B6EF-FF96DA92CE68}.Debug|Any CPU.ActiveCfg = Debug|Any CPU
		{DFDEBE14-E453-4C24-B6EF-FF96DA92CE68}.Debug|Any CPU.Build.0 = Debug|Any CPU
		{DFDEBE14-E453-4C24-B6EF-FF96DA92CE68}.Release|Any CPU.ActiveCfg = Release|Any CPU
		{DFDEBE14-E453-4C24-B6EF-FF96DA92CE68}.Release|Any CPU.Build.0 = Release|Any CPU
		{F7677CDE-B202-4834-A9E2-7DD603962B52}.Debug|Any CPU.ActiveCfg = Debug|Any CPU
		{F7677CDE-B202-4834-A9E2-7DD603962B52}.Debug|Any CPU.Build.0 = Debug|Any CPU
		{F7677CDE-B202-4834-A9E2-7DD603962B52}.Release|Any CPU.ActiveCfg = Release|Any CPU
		{F7677CDE-B202-4834-A9E2-7DD603962B52}.Release|Any CPU.Build.0 = Release|Any CPU
		{A744C9EF-45FC-4D28-A85F-D9F66E8745DD}.Debug|Any CPU.ActiveCfg = Debug|Any CPU
		{A744C9EF-45FC-4D28-A85F-D9F66E8745DD}.Debug|Any CPU.Build.0 = Debug|Any CPU
		{A744C9EF-45FC-4D28-A85F-D9F66E8745DD}.Release|Any CPU.ActiveCfg = Release|Any CPU
		{A744C9EF-45FC-4D28-A85F-D9F66E8745DD}.Release|Any CPU.Build.0 = Release|Any CPU
		{A4BD591C-A87C-45D9-9F75-76F0B5FE020A}.Debug|Any CPU.ActiveCfg = Debug|Any CPU
		{A4BD591C-A87C-45D9-9F75-76F0B5FE020A}.Debug|Any CPU.Build.0 = Debug|Any CPU
		{A4BD591C-A87C-45D9-9F75-76F0B5FE020A}.Release|Any CPU.ActiveCfg = Release|Any CPU
		{A4BD591C-A87C-45D9-9F75-76F0B5FE020A}.Release|Any CPU.Build.0 = Release|Any CPU
		{36173D9B-8B19-4025-9184-F13D65A38035}.Debug|Any CPU.ActiveCfg = Debug|Any CPU
		{36173D9B-8B19-4025-9184-F13D65A38035}.Debug|Any CPU.Build.0 = Debug|Any CPU
		{36173D9B-8B19-4025-9184-F13D65A38035}.Release|Any CPU.ActiveCfg = Release|Any CPU
		{36173D9B-8B19-4025-9184-F13D65A38035}.Release|Any CPU.Build.0 = Release|Any CPU
		{B4B9EEAF-BB20-4E03-A814-E1FAB2CDF4F4}.Debug|Any CPU.ActiveCfg = Debug|Any CPU
		{B4B9EEAF-BB20-4E03-A814-E1FAB2CDF4F4}.Debug|Any CPU.Build.0 = Debug|Any CPU
		{B4B9EEAF-BB20-4E03-A814-E1FAB2CDF4F4}.Release|Any CPU.ActiveCfg = Release|Any CPU
		{B4B9EEAF-BB20-4E03-A814-E1FAB2CDF4F4}.Release|Any CPU.Build.0 = Release|Any CPU
		{9935B399-BC96-42EF-8EC7-5DD650B979FF}.Debug|Any CPU.ActiveCfg = Debug|Any CPU
		{9935B399-BC96-42EF-8EC7-5DD650B979FF}.Debug|Any CPU.Build.0 = Debug|Any CPU
		{9935B399-BC96-42EF-8EC7-5DD650B979FF}.Release|Any CPU.ActiveCfg = Release|Any CPU
		{9935B399-BC96-42EF-8EC7-5DD650B979FF}.Release|Any CPU.Build.0 = Release|Any CPU
		{BA88F9C8-3DB9-470B-8D5D-8323AADF7591}.Debug|Any CPU.ActiveCfg = Debug|Any CPU
		{BA88F9C8-3DB9-470B-8D5D-8323AADF7591}.Debug|Any CPU.Build.0 = Debug|Any CPU
		{BA88F9C8-3DB9-470B-8D5D-8323AADF7591}.Release|Any CPU.ActiveCfg = Release|Any CPU
		{BA88F9C8-3DB9-470B-8D5D-8323AADF7591}.Release|Any CPU.Build.0 = Release|Any CPU
		{07C2FA46-5B5B-4EA5-917E-9D9440B1F3F8}.Debug|Any CPU.ActiveCfg = Debug|Any CPU
		{07C2FA46-5B5B-4EA5-917E-9D9440B1F3F8}.Debug|Any CPU.Build.0 = Debug|Any CPU
		{07C2FA46-5B5B-4EA5-917E-9D9440B1F3F8}.Release|Any CPU.ActiveCfg = Release|Any CPU
		{07C2FA46-5B5B-4EA5-917E-9D9440B1F3F8}.Release|Any CPU.Build.0 = Release|Any CPU
		{4F3FFC65-D1F0-430D-B057-2DEBBA131049}.Debug|Any CPU.ActiveCfg = Debug|Any CPU
		{4F3FFC65-D1F0-430D-B057-2DEBBA131049}.Debug|Any CPU.Build.0 = Debug|Any CPU
		{4F3FFC65-D1F0-430D-B057-2DEBBA131049}.Release|Any CPU.ActiveCfg = Release|Any CPU
		{4F3FFC65-D1F0-430D-B057-2DEBBA131049}.Release|Any CPU.Build.0 = Release|Any CPU
		{F4061795-D54F-48C4-B062-1F39F09044AF}.Debug|Any CPU.ActiveCfg = Debug|Any CPU
		{F4061795-D54F-48C4-B062-1F39F09044AF}.Debug|Any CPU.Build.0 = Debug|Any CPU
		{F4061795-D54F-48C4-B062-1F39F09044AF}.Release|Any CPU.ActiveCfg = Release|Any CPU
		{F4061795-D54F-48C4-B062-1F39F09044AF}.Release|Any CPU.Build.0 = Release|Any CPU
		{3F498DCB-4156-4FAC-9419-36644C5C67CE}.Debug|Any CPU.ActiveCfg = Debug|Any CPU
		{3F498DCB-4156-4FAC-9419-36644C5C67CE}.Debug|Any CPU.Build.0 = Debug|Any CPU
		{3F498DCB-4156-4FAC-9419-36644C5C67CE}.Release|Any CPU.ActiveCfg = Release|Any CPU
		{3F498DCB-4156-4FAC-9419-36644C5C67CE}.Release|Any CPU.Build.0 = Release|Any CPU
		{9C2F9824-5987-4598-98D2-9FA91C0601EA}.Debug|Any CPU.ActiveCfg = Debug|Any CPU
		{9C2F9824-5987-4598-98D2-9FA91C0601EA}.Debug|Any CPU.Build.0 = Debug|Any CPU
		{9C2F9824-5987-4598-98D2-9FA91C0601EA}.Release|Any CPU.ActiveCfg = Release|Any CPU
		{9C2F9824-5987-4598-98D2-9FA91C0601EA}.Release|Any CPU.Build.0 = Release|Any CPU
		{FB27DAC7-1335-43F9-87B4-01BE2A72BA5D}.Debug|Any CPU.ActiveCfg = Debug|Any CPU
		{FB27DAC7-1335-43F9-87B4-01BE2A72BA5D}.Debug|Any CPU.Build.0 = Debug|Any CPU
		{FB27DAC7-1335-43F9-87B4-01BE2A72BA5D}.Release|Any CPU.ActiveCfg = Release|Any CPU
		{FB27DAC7-1335-43F9-87B4-01BE2A72BA5D}.Release|Any CPU.Build.0 = Release|Any CPU
		{4BE02413-3113-4D68-A311-0774447934E7}.Debug|Any CPU.ActiveCfg = Debug|Any CPU
		{4BE02413-3113-4D68-A311-0774447934E7}.Debug|Any CPU.Build.0 = Debug|Any CPU
		{4BE02413-3113-4D68-A311-0774447934E7}.Release|Any CPU.ActiveCfg = Release|Any CPU
		{4BE02413-3113-4D68-A311-0774447934E7}.Release|Any CPU.Build.0 = Release|Any CPU
		{362E67C7-CE7F-4BB3-9DBB-BFAC382CD66A}.Debug|Any CPU.ActiveCfg = Debug|Any CPU
		{362E67C7-CE7F-4BB3-9DBB-BFAC382CD66A}.Debug|Any CPU.Build.0 = Debug|Any CPU
		{362E67C7-CE7F-4BB3-9DBB-BFAC382CD66A}.Release|Any CPU.ActiveCfg = Release|Any CPU
		{362E67C7-CE7F-4BB3-9DBB-BFAC382CD66A}.Release|Any CPU.Build.0 = Release|Any CPU
		{F44C3027-8922-4B1B-88D7-80F199729C85}.Debug|Any CPU.ActiveCfg = Debug|Any CPU
		{F44C3027-8922-4B1B-88D7-80F199729C85}.Debug|Any CPU.Build.0 = Debug|Any CPU
		{F44C3027-8922-4B1B-88D7-80F199729C85}.Release|Any CPU.ActiveCfg = Release|Any CPU
		{F44C3027-8922-4B1B-88D7-80F199729C85}.Release|Any CPU.Build.0 = Release|Any CPU
		{C96406CE-FC3B-481B-927A-500106FD52D2}.Debug|Any CPU.ActiveCfg = Debug|Any CPU
		{C96406CE-FC3B-481B-927A-500106FD52D2}.Debug|Any CPU.Build.0 = Debug|Any CPU
		{C96406CE-FC3B-481B-927A-500106FD52D2}.Release|Any CPU.ActiveCfg = Release|Any CPU
		{C96406CE-FC3B-481B-927A-500106FD52D2}.Release|Any CPU.Build.0 = Release|Any CPU
		{FE274412-4842-4872-8164-EF72EC1F924A}.Debug|Any CPU.ActiveCfg = Debug|Any CPU
		{FE274412-4842-4872-8164-EF72EC1F924A}.Debug|Any CPU.Build.0 = Debug|Any CPU
		{FE274412-4842-4872-8164-EF72EC1F924A}.Release|Any CPU.ActiveCfg = Release|Any CPU
		{FE274412-4842-4872-8164-EF72EC1F924A}.Release|Any CPU.Build.0 = Release|Any CPU
		{D9EA37EE-6A52-458E-BCE3-FE1746641BBA}.Debug|Any CPU.ActiveCfg = Debug|Any CPU
		{D9EA37EE-6A52-458E-BCE3-FE1746641BBA}.Debug|Any CPU.Build.0 = Debug|Any CPU
		{D9EA37EE-6A52-458E-BCE3-FE1746641BBA}.Release|Any CPU.ActiveCfg = Release|Any CPU
		{D9EA37EE-6A52-458E-BCE3-FE1746641BBA}.Release|Any CPU.Build.0 = Release|Any CPU
		{D994A78A-6EEA-49F8-8338-8C21AAB0D5E8}.Debug|Any CPU.ActiveCfg = Debug|Any CPU
		{D994A78A-6EEA-49F8-8338-8C21AAB0D5E8}.Debug|Any CPU.Build.0 = Debug|Any CPU
		{D994A78A-6EEA-49F8-8338-8C21AAB0D5E8}.Release|Any CPU.ActiveCfg = Release|Any CPU
		{D994A78A-6EEA-49F8-8338-8C21AAB0D5E8}.Release|Any CPU.Build.0 = Release|Any CPU
		{E98EFA39-068B-4E69-AE8B-7D52B0FE4C0C}.Debug|Any CPU.ActiveCfg = Debug|Any CPU
		{E98EFA39-068B-4E69-AE8B-7D52B0FE4C0C}.Debug|Any CPU.Build.0 = Debug|Any CPU
		{E98EFA39-068B-4E69-AE8B-7D52B0FE4C0C}.Release|Any CPU.ActiveCfg = Release|Any CPU
		{E98EFA39-068B-4E69-AE8B-7D52B0FE4C0C}.Release|Any CPU.Build.0 = Release|Any CPU
		{B923D25E-9A9C-4A09-AF72-4D385223B8FF}.Debug|Any CPU.ActiveCfg = Debug|Any CPU
		{B923D25E-9A9C-4A09-AF72-4D385223B8FF}.Debug|Any CPU.Build.0 = Debug|Any CPU
		{B923D25E-9A9C-4A09-AF72-4D385223B8FF}.Release|Any CPU.ActiveCfg = Release|Any CPU
		{B923D25E-9A9C-4A09-AF72-4D385223B8FF}.Release|Any CPU.Build.0 = Release|Any CPU
	EndGlobalSection
	GlobalSection(SolutionProperties) = preSolution
		HideSolutionNode = FALSE
	EndGlobalSection
	GlobalSection(NestedProjects) = preSolution
		{A9D1292E-390B-453D-AACB-C5C65CE7A128} = {27C85AD1-3108-4537-A63A-CA949E593599}
		{F2B66448-7092-41A5-BEAA-A569642723E1} = {27C85AD1-3108-4537-A63A-CA949E593599}
		{4AD2439A-ED0C-4B97-A683-BF1680C2CE04} = {27C85AD1-3108-4537-A63A-CA949E593599}
		{7B5A6B3A-EAA1-4EC8-BB68-64C40C530FDC} = {27C85AD1-3108-4537-A63A-CA949E593599}
		{AA1925DA-C516-48BE-9AB2-0A913EF01823} = {27C85AD1-3108-4537-A63A-CA949E593599}
		{EE4FFA05-CB04-42E2-8DE7-797222284F26} = {F2B66448-7092-41A5-BEAA-A569642723E1}
		{763107B4-90A4-4BDC-A2B5-0F6A207FD76E} = {F2B66448-7092-41A5-BEAA-A569642723E1}
		{B821D6A4-57C3-4703-9C30-01BE528AB727} = {4AD2439A-ED0C-4B97-A683-BF1680C2CE04}
		{5B4F2C3B-9478-47A4-8843-AB0FDB218528} = {4AD2439A-ED0C-4B97-A683-BF1680C2CE04}
		{4488EE47-A7E5-464A-B28C-A1DE282B489A} = {7B5A6B3A-EAA1-4EC8-BB68-64C40C530FDC}
		{75DED70E-AB47-49C1-A5A5-141D02836958} = {7B5A6B3A-EAA1-4EC8-BB68-64C40C530FDC}
		{C1B6923C-E032-46A9-8B9D-DE7CA2FF91ED} = {AA1925DA-C516-48BE-9AB2-0A913EF01823}
		{EC754AC7-44DC-4419-A262-7282B3D19B35} = {AA1925DA-C516-48BE-9AB2-0A913EF01823}
		{C8AC47DB-7C9E-47C7-BF12-2ACCB3895F4F} = {EE4FFA05-CB04-42E2-8DE7-797222284F26}
		{0716CF1A-404C-4109-98DE-096F7BE91B6D} = {763107B4-90A4-4BDC-A2B5-0F6A207FD76E}
		{DFDEBE14-E453-4C24-B6EF-FF96DA92CE68} = {763107B4-90A4-4BDC-A2B5-0F6A207FD76E}
		{F7677CDE-B202-4834-A9E2-7DD603962B52} = {B821D6A4-57C3-4703-9C30-01BE528AB727}
		{A744C9EF-45FC-4D28-A85F-D9F66E8745DD} = {5B4F2C3B-9478-47A4-8843-AB0FDB218528}
		{A4BD591C-A87C-45D9-9F75-76F0B5FE020A} = {5B4F2C3B-9478-47A4-8843-AB0FDB218528}
		{36173D9B-8B19-4025-9184-F13D65A38035} = {5B4F2C3B-9478-47A4-8843-AB0FDB218528}
		{B4B9EEAF-BB20-4E03-A814-E1FAB2CDF4F4} = {4488EE47-A7E5-464A-B28C-A1DE282B489A}
		{9935B399-BC96-42EF-8EC7-5DD650B979FF} = {4488EE47-A7E5-464A-B28C-A1DE282B489A}
		{BA88F9C8-3DB9-470B-8D5D-8323AADF7591} = {75DED70E-AB47-49C1-A5A5-141D02836958}
		{07C2FA46-5B5B-4EA5-917E-9D9440B1F3F8} = {75DED70E-AB47-49C1-A5A5-141D02836958}
		{FCAEA16B-AD88-4EB9-9570-C26F89E6CCF4} = {C1B6923C-E032-46A9-8B9D-DE7CA2FF91ED}
		{4F3FFC65-D1F0-430D-B057-2DEBBA131049} = {FCAEA16B-AD88-4EB9-9570-C26F89E6CCF4}
		{9712C878-9BB6-4D82-B95A-C3AE3B5A4A12} = {C1B6923C-E032-46A9-8B9D-DE7CA2FF91ED}
		{F4061795-D54F-48C4-B062-1F39F09044AF} = {9712C878-9BB6-4D82-B95A-C3AE3B5A4A12}
		{3F498DCB-4156-4FAC-9419-36644C5C67CE} = {9712C878-9BB6-4D82-B95A-C3AE3B5A4A12}
		{9C2F9824-5987-4598-98D2-9FA91C0601EA} = {EC754AC7-44DC-4419-A262-7282B3D19B35}
		{FB27DAC7-1335-43F9-87B4-01BE2A72BA5D} = {EC754AC7-44DC-4419-A262-7282B3D19B35}
		{4BE02413-3113-4D68-A311-0774447934E7} = {EC754AC7-44DC-4419-A262-7282B3D19B35}
		{362E67C7-CE7F-4BB3-9DBB-BFAC382CD66A} = {BDFA3E38-AB8C-446A-AEE0-7ED290955E02}
		{F44C3027-8922-4B1B-88D7-80F199729C85} = {9ED1A1B0-29BB-4162-B6B1-E7D2222061B5}
		{BDFA3E38-AB8C-446A-AEE0-7ED290955E02} = {7B5A6B3A-EAA1-4EC8-BB68-64C40C530FDC}
		{9ED1A1B0-29BB-4162-B6B1-E7D2222061B5} = {C1B6923C-E032-46A9-8B9D-DE7CA2FF91ED}
		{C96406CE-FC3B-481B-927A-500106FD52D2} = {9ED1A1B0-29BB-4162-B6B1-E7D2222061B5}
		{6F8B6899-6AC6-4BA7-BD51-B9CC368137CD} = {4AD2439A-ED0C-4B97-A683-BF1680C2CE04}
		{FE274412-4842-4872-8164-EF72EC1F924A} = {6F8B6899-6AC6-4BA7-BD51-B9CC368137CD}
		{D9EA37EE-6A52-458E-BCE3-FE1746641BBA} = {6F8B6899-6AC6-4BA7-BD51-B9CC368137CD}
		{D994A78A-6EEA-49F8-8338-8C21AAB0D5E8} = {6F8B6899-6AC6-4BA7-BD51-B9CC368137CD}
		{E8002505-7B0C-4BDD-9777-11427F859BDA} = {F2B66448-7092-41A5-BEAA-A569642723E1}
		{E98EFA39-068B-4E69-AE8B-7D52B0FE4C0C} = {E8002505-7B0C-4BDD-9777-11427F859BDA}
		{B923D25E-9A9C-4A09-AF72-4D385223B8FF} = {E8002505-7B0C-4BDD-9777-11427F859BDA}
	EndGlobalSection
	GlobalSection(ExtensibilityGlobals) = postSolution
		SolutionGuid = {6C3F0FE7-9723-42B9-B4D9-372D16E97627}
	EndGlobalSection
EndGlobal
